
Microsoft Visual Studio Solution File, Format Version 12.00
# Visual Studio Version 17
VisualStudioVersion = 17.4.33205.214
MinimumVisualStudioVersion = 10.0.40219.1
Project("{2150E333-8FDC-42A3-9474-1A3956D46DE8}") = "src", "src", "{DFDA26D9-CB6D-49B5-A796-334A0A33C587}"
EndProject
Project("{2150E333-8FDC-42A3-9474-1A3956D46DE8}") = "ArraysAndHashing", "ArraysAndHashing", "{B20127A9-94E3-4365-8238-286082CD4E7C}"
EndProject
Project("{9A19103F-16F7-4668-BE54-9A1E7A4F7556}") = "ContainsDuplicate", "src\ArraysAndHashing\ContainsDuplicate\ContainsDuplicate.csproj", "{501102CA-08B5-486A-BD30-AFE8A71AFBE1}"
EndProject
Project("{9A19103F-16F7-4668-BE54-9A1E7A4F7556}") = "ValidAnagram", "src\ArraysAndHashing\ValidAnagram\ValidAnagram.csproj", "{6AEA0952-5F1A-44BF-9D45-40C5E4D4C095}"
EndProject
Project("{9A19103F-16F7-4668-BE54-9A1E7A4F7556}") = "TwoSum", "src\ArraysAndHashing\TwoSum\TwoSum.csproj", "{8CA23000-3949-4F06-BBED-578CD46A2523}"
EndProject
Project("{9A19103F-16F7-4668-BE54-9A1E7A4F7556}") = "GroupAnagrams", "src\ArraysAndHashing\GroupAnagrams\GroupAnagrams.csproj", "{F745C26D-1BF9-4ED3-A2E0-FA91647FE583}"
EndProject
Global
	GlobalSection(SolutionConfigurationPlatforms) = preSolution
		Debug|Any CPU = Debug|Any CPU
		Release|Any CPU = Release|Any CPU
	EndGlobalSection
	GlobalSection(ProjectConfigurationPlatforms) = postSolution
		{501102CA-08B5-486A-BD30-AFE8A71AFBE1}.Debug|Any CPU.ActiveCfg = Debug|Any CPU
		{501102CA-08B5-486A-BD30-AFE8A71AFBE1}.Debug|Any CPU.Build.0 = Debug|Any CPU
		{501102CA-08B5-486A-BD30-AFE8A71AFBE1}.Release|Any CPU.ActiveCfg = Release|Any CPU
		{501102CA-08B5-486A-BD30-AFE8A71AFBE1}.Release|Any CPU.Build.0 = Release|Any CPU
		{6AEA0952-5F1A-44BF-9D45-40C5E4D4C095}.Debug|Any CPU.ActiveCfg = Debug|Any CPU
		{6AEA0952-5F1A-44BF-9D45-40C5E4D4C095}.Debug|Any CPU.Build.0 = Debug|Any CPU
		{6AEA0952-5F1A-44BF-9D45-40C5E4D4C095}.Release|Any CPU.ActiveCfg = Release|Any CPU
		{6AEA0952-5F1A-44BF-9D45-40C5E4D4C095}.Release|Any CPU.Build.0 = Release|Any CPU
		{8CA23000-3949-4F06-BBED-578CD46A2523}.Debug|Any CPU.ActiveCfg = Debug|Any CPU
		{8CA23000-3949-4F06-BBED-578CD46A2523}.Debug|Any CPU.Build.0 = Debug|Any CPU
		{8CA23000-3949-4F06-BBED-578CD46A2523}.Release|Any CPU.ActiveCfg = Release|Any CPU
		{8CA23000-3949-4F06-BBED-578CD46A2523}.Release|Any CPU.Build.0 = Release|Any CPU
		{F745C26D-1BF9-4ED3-A2E0-FA91647FE583}.Debug|Any CPU.ActiveCfg = Debug|Any CPU
		{F745C26D-1BF9-4ED3-A2E0-FA91647FE583}.Debug|Any CPU.Build.0 = Debug|Any CPU
		{F745C26D-1BF9-4ED3-A2E0-FA91647FE583}.Release|Any CPU.ActiveCfg = Release|Any CPU
		{F745C26D-1BF9-4ED3-A2E0-FA91647FE583}.Release|Any CPU.Build.0 = Release|Any CPU
	EndGlobalSection
	GlobalSection(SolutionProperties) = preSolution
		HideSolutionNode = FALSE
	EndGlobalSection
	GlobalSection(NestedProjects) = preSolution
		{B20127A9-94E3-4365-8238-286082CD4E7C} = {DFDA26D9-CB6D-49B5-A796-334A0A33C587}
		{501102CA-08B5-486A-BD30-AFE8A71AFBE1} = {B20127A9-94E3-4365-8238-286082CD4E7C}
		{6AEA0952-5F1A-44BF-9D45-40C5E4D4C095} = {B20127A9-94E3-4365-8238-286082CD4E7C}
		{8CA23000-3949-4F06-BBED-578CD46A2523} = {B20127A9-94E3-4365-8238-286082CD4E7C}
		{F745C26D-1BF9-4ED3-A2E0-FA91647FE583} = {B20127A9-94E3-4365-8238-286082CD4E7C}
	EndGlobalSection
	GlobalSection(ExtensibilityGlobals) = postSolution
		SolutionGuid = {EDDDA86C-4A00-4206-B06F-C8277FC3B6A8}
	EndGlobalSection
EndGlobal
